
Microsoft Visual Studio Solution File, Format Version 12.00
# Visual Studio 15
VisualStudioVersion = 15.0.27703.2026
MinimumVisualStudioVersion = 10.0.40219.1
Project("{9092AA53-FB77-4645-B42D-1CCCA6BD08BD}") = "FirstTypeScriptApp", "FirstTypeScriptApp\FirstTypeScriptApp.njsproj", "{40AF7900-921F-46BE-A0F4-9D16DAB751A6}"
EndProject
Global
	GlobalSection(SolutionConfigurationPlatforms) = preSolution
		Debug|Any CPU = Debug|Any CPU
		Release|Any CPU = Release|Any CPU
	EndGlobalSection
	GlobalSection(ProjectConfigurationPlatforms) = postSolution
		{40AF7900-921F-46BE-A0F4-9D16DAB751A6}.Debug|Any CPU.ActiveCfg = Debug|Any CPU
		{40AF7900-921F-46BE-A0F4-9D16DAB751A6}.Debug|Any CPU.Build.0 = Debug|Any CPU
		{40AF7900-921F-46BE-A0F4-9D16DAB751A6}.Release|Any CPU.ActiveCfg = Release|Any CPU
		{40AF7900-921F-46BE-A0F4-9D16DAB751A6}.Release|Any CPU.Build.0 = Release|Any CPU
	EndGlobalSection
	GlobalSection(SolutionProperties) = preSolution
		HideSolutionNode = FALSE
	EndGlobalSection
	GlobalSection(ExtensibilityGlobals) = postSolution
		SolutionGuid = {95C6252F-5506-4A48-B0FD-09EE951C5B36}
	EndGlobalSection
EndGlobal
